
Microsoft Visual Studio Solution File, Format Version 12.00
# Visual Studio 15
VisualStudioVersion = 15.0.28010.2036
MinimumVisualStudioVersion = 10.0.40219.1
Project("{FAE04EC0-301F-11D3-BF4B-00C04F79EFBC}") = "Warehouse", "Warehouse\Warehouse.csproj", "{7560BB80-3450-4E4A-80E6-BCF0B7CF0564}"
EndProject
Global
	GlobalSection(SolutionConfigurationPlatforms) = preSolution
		Debug|Any CPU = Debug|Any CPU
		Release|Any CPU = Release|Any CPU
	EndGlobalSection
	GlobalSection(ProjectConfigurationPlatforms) = postSolution
		{7560BB80-3450-4E4A-80E6-BCF0B7CF0564}.Debug|Any CPU.ActiveCfg = Debug|Any CPU
		{7560BB80-3450-4E4A-80E6-BCF0B7CF0564}.Debug|Any CPU.Build.0 = Debug|Any CPU
		{7560BB80-3450-4E4A-80E6-BCF0B7CF0564}.Release|Any CPU.ActiveCfg = Release|Any CPU
		{7560BB80-3450-4E4A-80E6-BCF0B7CF0564}.Release|Any CPU.Build.0 = Release|Any CPU
	EndGlobalSection
	GlobalSection(SolutionProperties) = preSolution
		HideSolutionNode = FALSE
	EndGlobalSection
	GlobalSection(ExtensibilityGlobals) = postSolution
		SolutionGuid = {15C48D80-7205-4477-9A9D-62C1A8FA43E2}
	EndGlobalSection
EndGlobal
